
Microsoft Visual Studio Solution File, Format Version 12.00
# Visual Studio 14
VisualStudioVersion = 14.0.23107.0
MinimumVisualStudioVersion = 10.0.40219.1
Project("{FAE04EC0-301F-11D3-BF4B-00C04F79EFBC}") = "Abstract", "Abstract\Abstract.csproj", "{16E1F0B8-E16D-4C7F-B5D8-BE711266C867}"
EndProject
Global
	GlobalSection(SolutionConfigurationPlatforms) = preSolution
		Debug|Any CPU = Debug|Any CPU
		Release|Any CPU = Release|Any CPU
	EndGlobalSection
	GlobalSection(ProjectConfigurationPlatforms) = postSolution
		{16E1F0B8-E16D-4C7F-B5D8-BE711266C867}.Debug|Any CPU.ActiveCfg = Debug|Any CPU
		{16E1F0B8-E16D-4C7F-B5D8-BE711266C867}.Debug|Any CPU.Build.0 = Debug|Any CPU
		{16E1F0B8-E16D-4C7F-B5D8-BE711266C867}.Release|Any CPU.ActiveCfg = Release|Any CPU
		{16E1F0B8-E16D-4C7F-B5D8-BE711266C867}.Release|Any CPU.Build.0 = Release|Any CPU
	EndGlobalSection
	GlobalSection(SolutionProperties) = preSolution
		HideSolutionNode = FALSE
	EndGlobalSection
EndGlobal
