
Microsoft Visual Studio Solution File, Format Version 12.00
# Visual Studio 14
VisualStudioVersion = 14.0.25420.1
MinimumVisualStudioVersion = 10.0.40219.1
Project("{FAE04EC0-301F-11D3-BF4B-00C04F79EFBC}") = "Compile_Time_Polymorphism", "Compile_Time_Polymorphism\Compile_Time_Polymorphism.csproj", "{B04B363C-59B3-4943-805C-D032D1303764}"
EndProject
Global
	GlobalSection(SolutionConfigurationPlatforms) = preSolution
		Debug|Any CPU = Debug|Any CPU
		Release|Any CPU = Release|Any CPU
	EndGlobalSection
	GlobalSection(ProjectConfigurationPlatforms) = postSolution
		{B04B363C-59B3-4943-805C-D032D1303764}.Debug|Any CPU.ActiveCfg = Debug|Any CPU
		{B04B363C-59B3-4943-805C-D032D1303764}.Debug|Any CPU.Build.0 = Debug|Any CPU
		{B04B363C-59B3-4943-805C-D032D1303764}.Release|Any CPU.ActiveCfg = Release|Any CPU
		{B04B363C-59B3-4943-805C-D032D1303764}.Release|Any CPU.Build.0 = Release|Any CPU
	EndGlobalSection
	GlobalSection(SolutionProperties) = preSolution
		HideSolutionNode = FALSE
	EndGlobalSection
EndGlobal
